// !$*UTF8*$!
{
	archiveVersion = 1;
	classes = {
	};
	objectVersion = 51;
	objects = {

/* Begin PBXBuildFile section */
		22DAB81A25116DFF00E721A0 /* AppDelegate.swift in Sources */ = {isa = PBXBuildFile; fileRef = 22DAB81925116DFF00E721A0 /* AppDelegate.swift */; };
		22DAB81C25116DFF00E721A0 /* SceneDelegate.swift in Sources */ = {isa = PBXBuildFile; fileRef = 22DAB81B25116DFF00E721A0 /* SceneDelegate.swift */; };
		22DAB81E25116DFF00E721A0 /* ViewController.swift in Sources */ = {isa = PBXBuildFile; fileRef = 22DAB81D25116DFF00E721A0 /* ViewController.swift */; };
		22DAB82125116DFF00E721A0 /* Main.storyboard in Resources */ = {isa = PBXBuildFile; fileRef = 22DAB81F25116DFF00E721A0 /* Main.storyboard */; };
		22DAB82325116E0100E721A0 /* Assets.xcassets in Resources */ = {isa = PBXBuildFile; fileRef = 22DAB82225116E0100E721A0 /* Assets.xcassets */; };
		22DAB82625116E0100E721A0 /* LaunchScreen.storyboard in Resources */ = {isa = PBXBuildFile; fileRef = 22DAB82425116E0100E721A0 /* LaunchScreen.storyboard */; };
		22DAB83425116E4600E721A0 /* KeyboardViewController.swift in Sources */ = {isa = PBXBuildFile; fileRef = 22DAB83325116E4600E721A0 /* KeyboardViewController.swift */; };
		22DAB83825116E4600E721A0 /* keyboard.appex in Embed App Extensions */ = {isa = PBXBuildFile; fileRef = 22DAB83125116E4600E721A0 /* keyboard.appex */; settings = {ATTRIBUTES = (RemoveHeadersOnCopy, ); }; };
		22DAB83E25116E6200E721A0 /* View.xib in Resources */ = {isa = PBXBuildFile; fileRef = 22DAB83D25116E6200E721A0 /* View.xib */; };
		38C12C8A40C92E1EB9FE8F21 /* Pods_regular_Keyboard.framework in Frameworks */ = {isa = PBXBuildFile; fileRef = 256FA3BCE24C97690A52F128 /* Pods_regular_Keyboard.framework */; };
		685DD1982F145DA6DA94262A /* Pods_keyboard.framework in Frameworks */ = {isa = PBXBuildFile; fileRef = 1FB869788DDD75EA69E05E9F /* Pods_keyboard.framework */; };
/* End PBXBuildFile section */

/* Begin PBXContainerItemProxy section */
		22DAB83625116E4600E721A0 /* PBXContainerItemProxy */ = {
			isa = PBXContainerItemProxy;
			containerPortal = 22DAB80E25116DFF00E721A0 /* Project object */;
			proxyType = 1;
			remoteGlobalIDString = 22DAB83025116E4600E721A0;
			remoteInfo = keyboard;
		};
/* End PBXContainerItemProxy section */

/* Begin PBXCopyFilesBuildPhase section */
		22DAB83C25116E4600E721A0 /* Embed App Extensions */ = {
			isa = PBXCopyFilesBuildPhase;
			buildActionMask = 2147483647;
			dstPath = "";
			dstSubfolderSpec = 13;
			files = (
				22DAB83825116E4600E721A0 /* keyboard.appex in Embed App Extensions */,
			);
			name = "Embed App Extensions";
			runOnlyForDeploymentPostprocessing = 0;
		};
/* End PBXCopyFilesBuildPhase section */

/* Begin PBXFileReference section */
		1F9ADCB462B32FCF232E6732 /* Pods-regular Keyboard.debug.xcconfig */ = {isa = PBXFileReference; includeInIndex = 1; lastKnownFileType = text.xcconfig; name = "Pods-regular Keyboard.debug.xcconfig"; path = "Target Support Files/Pods-regular Keyboard/Pods-regular Keyboard.debug.xcconfig"; sourceTree = "<group>"; };
		1FB869788DDD75EA69E05E9F /* Pods_keyboard.framework */ = {isa = PBXFileReference; explicitFileType = wrapper.framework; includeInIndex = 0; path = Pods_keyboard.framework; sourceTree = BUILT_PRODUCTS_DIR; };
		22DAB81625116DFF00E721A0 /* regular Keyboard.app */ = {isa = PBXFileReference; explicitFileType = wrapper.application; includeInIndex = 0; path = "regular Keyboard.app"; sourceTree = BUILT_PRODUCTS_DIR; };
		22DAB81925116DFF00E721A0 /* AppDelegate.swift */ = {isa = PBXFileReference; lastKnownFileType = sourcecode.swift; path = AppDelegate.swift; sourceTree = "<group>"; };
		22DAB81B25116DFF00E721A0 /* SceneDelegate.swift */ = {isa = PBXFileReference; lastKnownFileType = sourcecode.swift; path = SceneDelegate.swift; sourceTree = "<group>"; };
		22DAB81D25116DFF00E721A0 /* ViewController.swift */ = {isa = PBXFileReference; lastKnownFileType = sourcecode.swift; path = ViewController.swift; sourceTree = "<group>"; };
		22DAB82025116DFF00E721A0 /* Base */ = {isa = PBXFileReference; lastKnownFileType = file.storyboard; name = Base; path = Base.lproj/Main.storyboard; sourceTree = "<group>"; };
		22DAB82225116E0100E721A0 /* Assets.xcassets */ = {isa = PBXFileReference; lastKnownFileType = folder.assetcatalog; path = Assets.xcassets; sourceTree = "<group>"; };
		22DAB82525116E0100E721A0 /* Base */ = {isa = PBXFileReference; lastKnownFileType = file.storyboard; name = Base; path = Base.lproj/LaunchScreen.storyboard; sourceTree = "<group>"; };
		22DAB82725116E0100E721A0 /* Info.plist */ = {isa = PBXFileReference; lastKnownFileType = text.plist.xml; path = Info.plist; sourceTree = "<group>"; };
		22DAB83125116E4600E721A0 /* keyboard.appex */ = {isa = PBXFileReference; explicitFileType = "wrapper.app-extension"; includeInIndex = 0; path = keyboard.appex; sourceTree = BUILT_PRODUCTS_DIR; };
		22DAB83325116E4600E721A0 /* KeyboardViewController.swift */ = {isa = PBXFileReference; lastKnownFileType = sourcecode.swift; path = KeyboardViewController.swift; sourceTree = "<group>"; };
		22DAB83525116E4600E721A0 /* Info.plist */ = {isa = PBXFileReference; lastKnownFileType = text.plist.xml; path = Info.plist; sourceTree = "<group>"; };
		22DAB83D25116E6200E721A0 /* View.xib */ = {isa = PBXFileReference; lastKnownFileType = file.xib; path = View.xib; sourceTree = "<group>"; };
		256FA3BCE24C97690A52F128 /* Pods_regular_Keyboard.framework */ = {isa = PBXFileReference; explicitFileType = wrapper.framework; includeInIndex = 0; path = Pods_regular_Keyboard.framework; sourceTree = BUILT_PRODUCTS_DIR; };
		61355FB48C507B95C93AC4B8 /* Pods-keyboard.release.xcconfig */ = {isa = PBXFileReference; includeInIndex = 1; lastKnownFileType = text.xcconfig; name = "Pods-keyboard.release.xcconfig"; path = "Target Support Files/Pods-keyboard/Pods-keyboard.release.xcconfig"; sourceTree = "<group>"; };
		7434584838C8C74D669611DE /* Pods-keyboard.debug.xcconfig */ = {isa = PBXFileReference; includeInIndex = 1; lastKnownFileType = text.xcconfig; name = "Pods-keyboard.debug.xcconfig"; path = "Target Support Files/Pods-keyboard/Pods-keyboard.debug.xcconfig"; sourceTree = "<group>"; };
		EE2FD7F612FFF1137D138A7A /* Pods-regular Keyboard.release.xcconfig */ = {isa = PBXFileReference; includeInIndex = 1; lastKnownFileType = text.xcconfig; name = "Pods-regular Keyboard.release.xcconfig"; path = "Target Support Files/Pods-regular Keyboard/Pods-regular Keyboard.release.xcconfig"; sourceTree = "<group>"; };
/* End PBXFileReference section */

/* Begin PBXFrameworksBuildPhase section */
		22DAB81325116DFF00E721A0 /* Frameworks */ = {
			isa = PBXFrameworksBuildPhase;
			buildActionMask = 2147483647;
			files = (
				38C12C8A40C92E1EB9FE8F21 /* Pods_regular_Keyboard.framework in Frameworks */,
			);
			runOnlyForDeploymentPostprocessing = 0;
		};
		22DAB82E25116E4600E721A0 /* Frameworks */ = {
			isa = PBXFrameworksBuildPhase;
			buildActionMask = 2147483647;
			files = (
				685DD1982F145DA6DA94262A /* Pods_keyboard.framework in Frameworks */,
			);
			runOnlyForDeploymentPostprocessing = 0;
		};
/* End PBXFrameworksBuildPhase section */

/* Begin PBXGroup section */
		22DAB80D25116DFF00E721A0 = {
			isa = PBXGroup;
			children = (
				22DAB81825116DFF00E721A0 /* regular Keyboard */,
				22DAB83225116E4600E721A0 /* keyboard */,
				22DAB81725116DFF00E721A0 /* Products */,
				AA4EED5889D3BD12B121B21A /* Pods */,
				8E176AB89DAF9451D74BA801 /* Frameworks */,
			);
			sourceTree = "<group>";
		};
		22DAB81725116DFF00E721A0 /* Products */ = {
			isa = PBXGroup;
			children = (
				22DAB81625116DFF00E721A0 /* regular Keyboard.app */,
				22DAB83125116E4600E721A0 /* keyboard.appex */,
			);
			name = Products;
			sourceTree = "<group>";
		};
		22DAB81825116DFF00E721A0 /* regular Keyboard */ = {
			isa = PBXGroup;
			children = (
				22DAB81925116DFF00E721A0 /* AppDelegate.swift */,
				22DAB81B25116DFF00E721A0 /* SceneDelegate.swift */,
				22DAB81D25116DFF00E721A0 /* ViewController.swift */,
				22DAB81F25116DFF00E721A0 /* Main.storyboard */,
				22DAB82225116E0100E721A0 /* Assets.xcassets */,
				22DAB82425116E0100E721A0 /* LaunchScreen.storyboard */,
				22DAB82725116E0100E721A0 /* Info.plist */,
			);
			path = "regular Keyboard";
			sourceTree = "<group>";
		};
		22DAB83225116E4600E721A0 /* keyboard */ = {
			isa = PBXGroup;
			children = (
				22DAB83325116E4600E721A0 /* KeyboardViewController.swift */,
				22DAB83D25116E6200E721A0 /* View.xib */,
				22DAB83525116E4600E721A0 /* Info.plist */,
			);
			path = keyboard;
			sourceTree = "<group>";
		};
		8E176AB89DAF9451D74BA801 /* Frameworks */ = {
			isa = PBXGroup;
			children = (
				1FB869788DDD75EA69E05E9F /* Pods_keyboard.framework */,
				256FA3BCE24C97690A52F128 /* Pods_regular_Keyboard.framework */,
			);
			name = Frameworks;
			sourceTree = "<group>";
		};
		AA4EED5889D3BD12B121B21A /* Pods */ = {
			isa = PBXGroup;
			children = (
				7434584838C8C74D669611DE /* Pods-keyboard.debug.xcconfig */,
				61355FB48C507B95C93AC4B8 /* Pods-keyboard.release.xcconfig */,
				1F9ADCB462B32FCF232E6732 /* Pods-regular Keyboard.debug.xcconfig */,
				EE2FD7F612FFF1137D138A7A /* Pods-regular Keyboard.release.xcconfig */,
			);
			path = Pods;
			sourceTree = "<group>";
		};
/* End PBXGroup section */

/* Begin PBXNativeTarget section */
		22DAB81525116DFF00E721A0 /* regular Keyboard */ = {
			isa = PBXNativeTarget;
			buildConfigurationList = 22DAB82A25116E0100E721A0 /* Build configuration list for PBXNativeTarget "regular Keyboard" */;
			buildPhases = (
				4103018AA055DC74F46FECCB /* [CP] Check Pods Manifest.lock */,
				22DAB81225116DFF00E721A0 /* Sources */,
				22DAB81325116DFF00E721A0 /* Frameworks */,
				22DAB81425116DFF00E721A0 /* Resources */,
				22DAB83C25116E4600E721A0 /* Embed App Extensions */,
			);
			buildRules = (
			);
			dependencies = (
				22DAB83725116E4600E721A0 /* PBXTargetDependency */,
			);
			name = "regular Keyboard";
			productName = "regular Keyboard";
			productReference = 22DAB81625116DFF00E721A0 /* regular Keyboard.app */;
			productType = "com.apple.product-type.application";
		};
		22DAB83025116E4600E721A0 /* keyboard */ = {
			isa = PBXNativeTarget;
			buildConfigurationList = 22DAB83925116E4600E721A0 /* Build configuration list for PBXNativeTarget "keyboard" */;
			buildPhases = (
				14A58AD3FF76B9EEB94C924E /* [CP] Check Pods Manifest.lock */,
				22DAB82D25116E4600E721A0 /* Sources */,
				22DAB82E25116E4600E721A0 /* Frameworks */,
				22DAB82F25116E4600E721A0 /* Resources */,
			);
			buildRules = (
			);
			dependencies = (
			);
			name = keyboard;
			productName = keyboard;
			productReference = 22DAB83125116E4600E721A0 /* keyboard.appex */;
			productType = "com.apple.product-type.app-extension";
		};
/* End PBXNativeTarget section */

/* Begin PBXProject section */
		22DAB80E25116DFF00E721A0 /* Project object */ = {
			isa = PBXProject;
			attributes = {
				LastSwiftUpdateCheck = 1170;
				LastUpgradeCheck = 1200;
				ORGANIZATIONNAME = XIN;
				TargetAttributes = {
					22DAB81525116DFF00E721A0 = {
						CreatedOnToolsVersion = 11.7;
					};
					22DAB83025116E4600E721A0 = {
						CreatedOnToolsVersion = 11.7;
					};
				};
			};
			buildConfigurationList = 22DAB81125116DFF00E721A0 /* Build configuration list for PBXProject "regular Keyboard" */;
			compatibilityVersion = "Xcode 9.3";
			developmentRegion = en;
			hasScannedForEncodings = 0;
			knownRegions = (
				en,
				Base,
			);
			mainGroup = 22DAB80D25116DFF00E721A0;
			productRefGroup = 22DAB81725116DFF00E721A0 /* Products */;
			projectDirPath = "";
			projectRoot = "";
			targets = (
				22DAB81525116DFF00E721A0 /* regular Keyboard */,
				22DAB83025116E4600E721A0 /* keyboard */,
			);
		};
/* End PBXProject section */

/* Begin PBXResourcesBuildPhase section */
		22DAB81425116DFF00E721A0 /* Resources */ = {
			isa = PBXResourcesBuildPhase;
			buildActionMask = 2147483647;
			files = (
				22DAB82625116E0100E721A0 /* LaunchScreen.storyboard in Resources */,
				22DAB82325116E0100E721A0 /* Assets.xcassets in Resources */,
				22DAB82125116DFF00E721A0 /* Main.storyboard in Resources */,
			);
			runOnlyForDeploymentPostprocessing = 0;
		};
		22DAB82F25116E4600E721A0 /* Resources */ = {
			isa = PBXResourcesBuildPhase;
			buildActionMask = 2147483647;
			files = (
				22DAB83E25116E6200E721A0 /* View.xib in Resources */,
			);
			runOnlyForDeploymentPostprocessing = 0;
		};
/* End PBXResourcesBuildPhase section */

/* Begin PBXShellScriptBuildPhase section */
		14A58AD3FF76B9EEB94C924E /* [CP] Check Pods Manifest.lock */ = {
			isa = PBXShellScriptBuildPhase;
			buildActionMask = 2147483647;
			files = (
			);
			inputFileListPaths = (
			);
			inputPaths = (
				"${PODS_PODFILE_DIR_PATH}/Podfile.lock",
				"${PODS_ROOT}/Manifest.lock",
			);
			name = "[CP] Check Pods Manifest.lock";
			outputFileListPaths = (
			);
			outputPaths = (
				"$(DERIVED_FILE_DIR)/Pods-keyboard-checkManifestLockResult.txt",
			);
			runOnlyForDeploymentPostprocessing = 0;
			shellPath = /bin/sh;
			shellScript = "diff \"${PODS_PODFILE_DIR_PATH}/Podfile.lock\" \"${PODS_ROOT}/Manifest.lock\" > /dev/null\nif [ $? != 0 ] ; then\n    # print error to STDERR\n    echo \"error: The sandbox is not in sync with the Podfile.lock. Run 'pod install' or update your CocoaPods installation.\" >&2\n    exit 1\nfi\n# This output is used by Xcode 'outputs' to avoid re-running this script phase.\necho \"SUCCESS\" > \"${SCRIPT_OUTPUT_FILE_0}\"\n";
			showEnvVarsInLog = 0;
		};
		4103018AA055DC74F46FECCB /* [CP] Check Pods Manifest.lock */ = {
			isa = PBXShellScriptBuildPhase;
			buildActionMask = 2147483647;
			files = (
			);
			inputFileListPaths = (
			);
			inputPaths = (
				"${PODS_PODFILE_DIR_PATH}/Podfile.lock",
				"${PODS_ROOT}/Manifest.lock",
			);
			name = "[CP] Check Pods Manifest.lock";
			outputFileListPaths = (
			);
			outputPaths = (
				"$(DERIVED_FILE_DIR)/Pods-regular Keyboard-checkManifestLockResult.txt",
			);
			runOnlyForDeploymentPostprocessing = 0;
			shellPath = /bin/sh;
			shellScript = "diff \"${PODS_PODFILE_DIR_PATH}/Podfile.lock\" \"${PODS_ROOT}/Manifest.lock\" > /dev/null\nif [ $? != 0 ] ; then\n    # print error to STDERR\n    echo \"error: The sandbox is not in sync with the Podfile.lock. Run 'pod install' or update your CocoaPods installation.\" >&2\n    exit 1\nfi\n# This output is used by Xcode 'outputs' to avoid re-running this script phase.\necho \"SUCCESS\" > \"${SCRIPT_OUTPUT_FILE_0}\"\n";
			showEnvVarsInLog = 0;
		};
/* End PBXShellScriptBuildPhase section */

/* Begin PBXSourcesBuildPhase section */
		22DAB81225116DFF00E721A0 /* Sources */ = {
			isa = PBXSourcesBuildPhase;
			buildActionMask = 2147483647;
			files = (
				22DAB81E25116DFF00E721A0 /* ViewController.swift in Sources */,
				22DAB81A25116DFF00E721A0 /* AppDelegate.swift in Sources */,
				22DAB81C25116DFF00E721A0 /* SceneDelegate.swift in Sources */,
			);
			runOnlyForDeploymentPostprocessing = 0;
		};
		22DAB82D25116E4600E721A0 /* Sources */ = {
			isa = PBXSourcesBuildPhase;
			buildActionMask = 2147483647;
			files = (
				22DAB83425116E4600E721A0 /* KeyboardViewController.swift in Sources */,
			);
			runOnlyForDeploymentPostprocessing = 0;
		};
/* End PBXSourcesBuildPhase section */

/* Begin PBXTargetDependency section */
		22DAB83725116E4600E721A0 /* PBXTargetDependency */ = {
			isa = PBXTargetDependency;
			target = 22DAB83025116E4600E721A0 /* keyboard */;
			targetProxy = 22DAB83625116E4600E721A0 /* PBXContainerItemProxy */;
		};
/* End PBXTargetDependency section */

/* Begin PBXVariantGroup section */
		22DAB81F25116DFF00E721A0 /* Main.storyboard */ = {
			isa = PBXVariantGroup;
			children = (
				22DAB82025116DFF00E721A0 /* Base */,
			);
			name = Main.storyboard;
			sourceTree = "<group>";
		};
		22DAB82425116E0100E721A0 /* LaunchScreen.storyboard */ = {
			isa = PBXVariantGroup;
			children = (
				22DAB82525116E0100E721A0 /* Base */,
			);
			name = LaunchScreen.storyboard;
			sourceTree = "<group>";
		};
/* End PBXVariantGroup section */

/* Begin XCBuildConfiguration section */
		22DAB82825116E0100E721A0 /* Debug */ = {
			isa = XCBuildConfiguration;
			buildSettings = {
				ALWAYS_SEARCH_USER_PATHS = NO;
				CLANG_ANALYZER_NONNULL = YES;
				CLANG_ANALYZER_NUMBER_OBJECT_CONVERSION = YES_AGGRESSIVE;
				CLANG_CXX_LANGUAGE_STANDARD = "gnu++14";
				CLANG_CXX_LIBRARY = "libc++";
				CLANG_ENABLE_MODULES = YES;
				CLANG_ENABLE_OBJC_ARC = YES;
				CLANG_ENABLE_OBJC_WEAK = YES;
				CLANG_WARN_BLOCK_CAPTURE_AUTORELEASING = YES;
				CLANG_WARN_BOOL_CONVERSION = YES;
				CLANG_WARN_COMMA = YES;
				CLANG_WARN_CONSTANT_CONVERSION = YES;
				CLANG_WARN_DEPRECATED_OBJC_IMPLEMENTATIONS = YES;
				CLANG_WARN_DIRECT_OBJC_ISA_USAGE = YES_ERROR;
				CLANG_WARN_DOCUMENTATION_COMMENTS = YES;
				CLANG_WARN_EMPTY_BODY = YES;
				CLANG_WARN_ENUM_CONVERSION = YES;
				CLANG_WARN_INFINITE_RECURSION = YES;
				CLANG_WARN_INT_CONVERSION = YES;
				CLANG_WARN_NON_LITERAL_NULL_CONVERSION = YES;
				CLANG_WARN_OBJC_IMPLICIT_RETAIN_SELF = YES;
				CLANG_WARN_OBJC_LITERAL_CONVERSION = YES;
				CLANG_WARN_OBJC_ROOT_CLASS = YES_ERROR;
				CLANG_WARN_QUOTED_INCLUDE_IN_FRAMEWORK_HEADER = YES;
				CLANG_WARN_RANGE_LOOP_ANALYSIS = YES;
				CLANG_WARN_STRICT_PROTOTYPES = YES;
				CLANG_WARN_SUSPICIOUS_MOVE = YES;
				CLANG_WARN_UNGUARDED_AVAILABILITY = YES_AGGRESSIVE;
				CLANG_WARN_UNREACHABLE_CODE = YES;
				CLANG_WARN__DUPLICATE_METHOD_MATCH = YES;
				COPY_PHASE_STRIP = NO;
				DEBUG_INFORMATION_FORMAT = dwarf;
				ENABLE_STRICT_OBJC_MSGSEND = YES;
				ENABLE_TESTABILITY = YES;
				GCC_C_LANGUAGE_STANDARD = gnu11;
				GCC_DYNAMIC_NO_PIC = NO;
				GCC_NO_COMMON_BLOCKS = YES;
				GCC_OPTIMIZATION_LEVEL = 0;
				GCC_PREPROCESSOR_DEFINITIONS = (
					"DEBUG=1",
					"$(inherited)",
				);
				GCC_WARN_64_TO_32_BIT_CONVERSION = YES;
				GCC_WARN_ABOUT_RETURN_TYPE = YES_ERROR;
				GCC_WARN_UNDECLARED_SELECTOR = YES;
				GCC_WARN_UNINITIALIZED_AUTOS = YES_AGGRESSIVE;
				GCC_WARN_UNUSED_FUNCTION = YES;
				GCC_WARN_UNUSED_VARIABLE = YES;
				IPHONEOS_DEPLOYMENT_TARGET = 13.7;
				MTL_ENABLE_DEBUG_INFO = INCLUDE_SOURCE;
				MTL_FAST_MATH = YES;
				ONLY_ACTIVE_ARCH = YES;
				SDKROOT = iphoneos;
				SWIFT_ACTIVE_COMPILATION_CONDITIONS = DEBUG;
				SWIFT_OPTIMIZATION_LEVEL = "-Onone";
			};
			name = Debug;
		};
		22DAB82925116E0100E721A0 /* Release */ = {
			isa = XCBuildConfiguration;
			buildSettings = {
				ALWAYS_SEARCH_USER_PATHS = NO;
				CLANG_ANALYZER_NONNULL = YES;
				CLANG_ANALYZER_NUMBER_OBJECT_CONVERSION = YES_AGGRESSIVE;
				CLANG_CXX_LANGUAGE_STANDARD = "gnu++14";
				CLANG_CXX_LIBRARY = "libc++";
				CLANG_ENABLE_MODULES = YES;
				CLANG_ENABLE_OBJC_ARC = YES;
				CLANG_ENABLE_OBJC_WEAK = YES;
				CLANG_WARN_BLOCK_CAPTURE_AUTORELEASING = YES;
				CLANG_WARN_BOOL_CONVERSION = YES;
				CLANG_WARN_COMMA = YES;
				CLANG_WARN_CONSTANT_CONVERSION = YES;
				CLANG_WARN_DEPRECATED_OBJC_IMPLEMENTATIONS = YES;
				CLANG_WARN_DIRECT_OBJC_ISA_USAGE = YES_ERROR;
				CLANG_WARN_DOCUMENTATION_COMMENTS = YES;
				CLANG_WARN_EMPTY_BODY = YES;
				CLANG_WARN_ENUM_CONVERSION = YES;
				CLANG_WARN_INFINITE_RECURSION = YES;
				CLANG_WARN_INT_CONVERSION = YES;
				CLANG_WARN_NON_LITERAL_NULL_CONVERSION = YES;
				CLANG_WARN_OBJC_IMPLICIT_RETAIN_SELF = YES;
				CLANG_WARN_OBJC_LITERAL_CONVERSION = YES;
				CLANG_WARN_OBJC_ROOT_CLASS = YES_ERROR;
				CLANG_WARN_QUOTED_INCLUDE_IN_FRAMEWORK_HEADER = YES;
				CLANG_WARN_RANGE_LOOP_ANALYSIS = YES;
				CLANG_WARN_STRICT_PROTOTYPES = YES;
				CLANG_WARN_SUSPICIOUS_MOVE = YES;
				CLANG_WARN_UNGUARDED_AVAILABILITY = YES_AGGRESSIVE;
				CLANG_WARN_UNREACHABLE_CODE = YES;
				CLANG_WARN__DUPLICATE_METHOD_MATCH = YES;
				COPY_PHASE_STRIP = NO;
				DEBUG_INFORMATION_FORMAT = "dwarf-with-dsym";
				ENABLE_NS_ASSERTIONS = NO;
				ENABLE_STRICT_OBJC_MSGSEND = YES;
				GCC_C_LANGUAGE_STANDARD = gnu11;
				GCC_NO_COMMON_BLOCKS = YES;
				GCC_WARN_64_TO_32_BIT_CONVERSION = YES;
				GCC_WARN_ABOUT_RETURN_TYPE = YES_ERROR;
				GCC_WARN_UNDECLARED_SELECTOR = YES;
				GCC_WARN_UNINITIALIZED_AUTOS = YES_AGGRESSIVE;
				GCC_WARN_UNUSED_FUNCTION = YES;
				GCC_WARN_UNUSED_VARIABLE = YES;
				IPHONEOS_DEPLOYMENT_TARGET = 13.7;
				MTL_ENABLE_DEBUG_INFO = NO;
				MTL_FAST_MATH = YES;
				SDKROOT = iphoneos;
				SWIFT_COMPILATION_MODE = wholemodule;
				SWIFT_OPTIMIZATION_LEVEL = "-O";
				VALIDATE_PRODUCT = YES;
			};
			name = Release;
		};
		22DAB82B25116E0100E721A0 /* Debug */ = {
			isa = XCBuildConfiguration;
			baseConfigurationReference = 1F9ADCB462B32FCF232E6732 /* Pods-regular Keyboard.debug.xcconfig */;
			buildSettings = {
				ALWAYS_EMBED_SWIFT_STANDARD_LIBRARIES = YES;
				ASSETCATALOG_COMPILER_APPICON_NAME = AppIcon;
				CODE_SIGN_STYLE = Automatic;
				DEVELOPMENT_TEAM = CA6PY2LF2K;
				INFOPLIST_FILE = "regular Keyboard/Info.plist";
				LD_RUNPATH_SEARCH_PATHS = (
					"$(inherited)",
					"@executable_path/Frameworks",
				);
				PRODUCT_BUNDLE_IDENTIFIER = "com.yxinghang.regular-Keyboard";
				PRODUCT_NAME = "$(TARGET_NAME)";
				SWIFT_VERSION = 5.0;
				TARGETED_DEVICE_FAMILY = "1,2";
			};
			name = Debug;
		};
		22DAB82C25116E0100E721A0 /* Release */ = {
			isa = XCBuildConfiguration;
			baseConfigurationReference = EE2FD7F612FFF1137D138A7A /* Pods-regular Keyboard.release.xcconfig */;
			buildSettings = {
				ALWAYS_EMBED_SWIFT_STANDARD_LIBRARIES = YES;
				ASSETCATALOG_COMPILER_APPICON_NAME = AppIcon;
				CODE_SIGN_STYLE = Automatic;
				DEVELOPMENT_TEAM = CA6PY2LF2K;
				INFOPLIST_FILE = "regular Keyboard/Info.plist";
				LD_RUNPATH_SEARCH_PATHS = (
					"$(inherited)",
					"@executable_path/Frameworks",
				);
				PRODUCT_BUNDLE_IDENTIFIER = "com.yxinghang.regular-Keyboard";
				PRODUCT_NAME = "$(TARGET_NAME)";
				SWIFT_VERSION = 5.0;
				TARGETED_DEVICE_FAMILY = "1,2";
			};
			name = Release;
		};
		22DAB83A25116E4600E721A0 /* Debug */ = {
			isa = XCBuildConfiguration;
			baseConfigurationReference = 7434584838C8C74D669611DE /* Pods-keyboard.debug.xcconfig */;
			buildSettings = {
				CODE_SIGN_STYLE = Automatic;
				DEVELOPMENT_TEAM = CA6PY2LF2K;
				INFOPLIST_FILE = keyboard/Info.plist;
				LD_RUNPATH_SEARCH_PATHS = (
					"$(inherited)",
					"@executable_path/Frameworks",
					"@executable_path/../../Frameworks",
				);
				PRODUCT_BUNDLE_IDENTIFIER = "com.yxinghang.regular-Keyboard.keyboard";
				PRODUCT_NAME = "$(TARGET_NAME)";
				SKIP_INSTALL = YES;
				SWIFT_VERSION = 5.0;
				TARGETED_DEVICE_FAMILY = "1,2";
			};
			name = Debug;
		};
		22DAB83B25116E4600E721A0 /* Release */ = {
			isa = XCBuildConfiguration;
			baseConfigurationReference = 61355FB48C507B95C93AC4B8 /* Pods-keyboard.release.xcconfig */;
			buildSettings = {
				CODE_SIGN_STYLE = Automatic;
				DEVELOPMENT_TEAM = CA6PY2LF2K;
				INFOPLIST_FILE = keyboard/Info.plist;
				LD_RUNPATH_SEARCH_PATHS = (
					"$(inherited)",
					"@executable_path/Frameworks",
					"@executable_path/../../Frameworks",
				);
				PRODUCT_BUNDLE_IDENTIFIER = "com.yxinghang.regular-Keyboard.keyboard";
				PRODUCT_NAME = "$(TARGET_NAME)";
				SKIP_INSTALL = YES;
				SWIFT_VERSION = 5.0;
				TARGETED_DEVICE_FAMILY = "1,2";
			};
			name = Release;
		};
/* End XCBuildConfiguration section */

/* Begin XCConfigurationList section */
		22DAB81125116DFF00E721A0 /* Build configuration list for PBXProject "regular Keyboard" */ = {
			isa = XCConfigurationList;
			buildConfigurations = (
				22DAB82825116E0100E721A0 /* Debug */,
				22DAB82925116E0100E721A0 /* Release */,
			);
			defaultConfigurationIsVisible = 0;
			defaultConfigurationName = Release;
		};
		22DAB82A25116E0100E721A0 /* Build configuration list for PBXNativeTarget "regular Keyboard" */ = {
			isa = XCConfigurationList;
			buildConfigurations = (
				22DAB82B25116E0100E721A0 /* Debug */,
				22DAB82C25116E0100E721A0 /* Release */,
			);
			defaultConfigurationIsVisible = 0;
			defaultConfigurationName = Release;
		};
		22DAB83925116E4600E721A0 /* Build configuration list for PBXNativeTarget "keyboard" */ = {
			isa = XCConfigurationList;
			buildConfigurations = (
				22DAB83A25116E4600E721A0 /* Debug */,
				22DAB83B25116E4600E721A0 /* Release */,
			);
			defaultConfigurationIsVisible = 0;
			defaultConfigurationName = Release;
		};
/* End XCConfigurationList section */
	};
	rootObject = 22DAB80E25116DFF00E721A0 /* Project object */;
}
